
Microsoft Visual Studio Solution File, Format Version 12.00
# Visual Studio 15
VisualStudioVersion = 15.0.27703.2047
MinimumVisualStudioVersion = 10.0.40219.1
Project("{2150E333-8FDC-42A3-9474-1A3956D46DE8}") = "Web", "Web", "{ECC8E27F-913D-43A9-8C05-B3487A23C22A}"
EndProject
Project("{FAE04EC0-301F-11D3-BF4B-00C04F79EFBC}") = "WowChat.Web", "src\WowChat.Web\WowChat.Web.csproj", "{9E4030A0-984A-40E7-97A5-CC5D8E0AF4C3}"
EndProject
Global
	GlobalSection(SolutionConfigurationPlatforms) = preSolution
		Debug|Any CPU = Debug|Any CPU
		Release|Any CPU = Release|Any CPU
	EndGlobalSection
	GlobalSection(ProjectConfigurationPlatforms) = postSolution
		{9E4030A0-984A-40E7-97A5-CC5D8E0AF4C3}.Debug|Any CPU.ActiveCfg = Debug|Any CPU
		{9E4030A0-984A-40E7-97A5-CC5D8E0AF4C3}.Debug|Any CPU.Build.0 = Debug|Any CPU
		{9E4030A0-984A-40E7-97A5-CC5D8E0AF4C3}.Release|Any CPU.ActiveCfg = Release|Any CPU
		{9E4030A0-984A-40E7-97A5-CC5D8E0AF4C3}.Release|Any CPU.Build.0 = Release|Any CPU
	EndGlobalSection
	GlobalSection(SolutionProperties) = preSolution
		HideSolutionNode = FALSE
	EndGlobalSection
	GlobalSection(NestedProjects) = preSolution
		{9E4030A0-984A-40E7-97A5-CC5D8E0AF4C3} = {ECC8E27F-913D-43A9-8C05-B3487A23C22A}
	EndGlobalSection
	GlobalSection(ExtensibilityGlobals) = postSolution
		SolutionGuid = {C04F0297-539A-43A8-B644-D4624AEBCCFD}
	EndGlobalSection
EndGlobal
